// !$*UTF8*$!
{
	archiveVersion = 1;
	classes = {
	};
	objectVersion = 46;
	objects = {

/* Begin PBXBuildFile section */
		3E10245A1D4EF3280058EFB0 /* AppDelegate.swift in Sources */ = {isa = PBXBuildFile; fileRef = 3E1024591D4EF3280058EFB0 /* AppDelegate.swift */; };
		3E10245C1D4EF3280058EFB0 /* ViewController.swift in Sources */ = {isa = PBXBuildFile; fileRef = 3E10245B1D4EF3280058EFB0 /* ViewController.swift */; };
		3E10245F1D4EF3280058EFB0 /* Main.storyboard in Resources */ = {isa = PBXBuildFile; fileRef = 3E10245D1D4EF3280058EFB0 /* Main.storyboard */; };
		3E1024611D4EF3280058EFB0 /* Images.xcassets in Resources */ = {isa = PBXBuildFile; fileRef = 3E1024601D4EF3280058EFB0 /* Images.xcassets */; };
		3E1024641D4EF3280058EFB0 /* LaunchScreen.xib in Resources */ = {isa = PBXBuildFile; fileRef = 3E1024621D4EF3280058EFB0 /* LaunchScreen.xib */; };
		3E1024701D4EF3280058EFB0 /* CaculatorTests.swift in Sources */ = {isa = PBXBuildFile; fileRef = 3E10246F1D4EF3280058EFB0 /* CaculatorTests.swift */; };
/* End PBXBuildFile section */

/* Begin PBXContainerItemProxy section */
		3E10246A1D4EF3280058EFB0 /* PBXContainerItemProxy */ = {
			isa = PBXContainerItemProxy;
			containerPortal = 3E10244C1D4EF3280058EFB0 /* Project object */;
			proxyType = 1;
			remoteGlobalIDString = 3E1024531D4EF3280058EFB0;
			remoteInfo = Caculator;
		};
/* End PBXContainerItemProxy section */

/* Begin PBXFileReference section */
		3E1024541D4EF3280058EFB0 /* Caculator.app */ = {isa = PBXFileReference; explicitFileType = wrapper.application; includeInIndex = 0; path = Caculator.app; sourceTree = BUILT_PRODUCTS_DIR; };
		3E1024581D4EF3280058EFB0 /* Info.plist */ = {isa = PBXFileReference; lastKnownFileType = text.plist.xml; path = Info.plist; sourceTree = "<group>"; };
		3E1024591D4EF3280058EFB0 /* AppDelegate.swift */ = {isa = PBXFileReference; lastKnownFileType = sourcecode.swift; path = AppDelegate.swift; sourceTree = "<group>"; };
		3E10245B1D4EF3280058EFB0 /* ViewController.swift */ = {isa = PBXFileReference; lastKnownFileType = sourcecode.swift; path = ViewController.swift; sourceTree = "<group>"; };
		3E10245E1D4EF3280058EFB0 /* Base */ = {isa = PBXFileReference; lastKnownFileType = file.storyboard; name = Base; path = Base.lproj/Main.storyboard; sourceTree = "<group>"; };
		3E1024601D4EF3280058EFB0 /* Images.xcassets */ = {isa = PBXFileReference; lastKnownFileType = folder.assetcatalog; path = Images.xcassets; sourceTree = "<group>"; };
		3E1024631D4EF3280058EFB0 /* Base */ = {isa = PBXFileReference; lastKnownFileType = file.xib; name = Base; path = Base.lproj/LaunchScreen.xib; sourceTree = "<group>"; };
		3E1024691D4EF3280058EFB0 /* CaculatorTests.xctest */ = {isa = PBXFileReference; explicitFileType = wrapper.cfbundle; includeInIndex = 0; path = CaculatorTests.xctest; sourceTree = BUILT_PRODUCTS_DIR; };
		3E10246E1D4EF3280058EFB0 /* Info.plist */ = {isa = PBXFileReference; lastKnownFileType = text.plist.xml; path = Info.plist; sourceTree = "<group>"; };
		3E10246F1D4EF3280058EFB0 /* CaculatorTests.swift */ = {isa = PBXFileReference; lastKnownFileType = sourcecode.swift; path = CaculatorTests.swift; sourceTree = "<group>"; };
/* End PBXFileReference section */

/* Begin PBXFrameworksBuildPhase section */
		3E1024511D4EF3280058EFB0 /* Frameworks */ = {
			isa = PBXFrameworksBuildPhase;
			buildActionMask = 2147483647;
			files = (
			);
			runOnlyForDeploymentPostprocessing = 0;
		};
		3E1024661D4EF3280058EFB0 /* Frameworks */ = {
			isa = PBXFrameworksBuildPhase;
			buildActionMask = 2147483647;
			files = (
			);
			runOnlyForDeploymentPostprocessing = 0;
		};
/* End PBXFrameworksBuildPhase section */

/* Begin PBXGroup section */
		3E10244B1D4EF3280058EFB0 = {
			isa = PBXGroup;
			children = (
				3E1024561D4EF3280058EFB0 /* Caculator */,
				3E10246C1D4EF3280058EFB0 /* CaculatorTests */,
				3E1024551D4EF3280058EFB0 /* Products */,
			);
			sourceTree = "<group>";
		};
		3E1024551D4EF3280058EFB0 /* Products */ = {
			isa = PBXGroup;
			children = (
				3E1024541D4EF3280058EFB0 /* Caculator.app */,
				3E1024691D4EF3280058EFB0 /* CaculatorTests.xctest */,
			);
			name = Products;
			sourceTree = "<group>";
		};
		3E1024561D4EF3280058EFB0 /* Caculator */ = {
			isa = PBXGroup;
			children = (
				3E1024591D4EF3280058EFB0 /* AppDelegate.swift */,
				3E10245B1D4EF3280058EFB0 /* ViewController.swift */,
				3E10245D1D4EF3280058EFB0 /* Main.storyboard */,
				3E1024601D4EF3280058EFB0 /* Images.xcassets */,
				3E1024621D4EF3280058EFB0 /* LaunchScreen.xib */,
				3E1024571D4EF3280058EFB0 /* Supporting Files */,
			);
			path = Caculator;
			sourceTree = "<group>";
		};
		3E1024571D4EF3280058EFB0 /* Supporting Files */ = {
			isa = PBXGroup;
			children = (
				3E1024581D4EF3280058EFB0 /* Info.plist */,
			);
			name = "Supporting Files";
			sourceTree = "<group>";
		};
		3E10246C1D4EF3280058EFB0 /* CaculatorTests */ = {
			isa = PBXGroup;
			children = (
				3E10246F1D4EF3280058EFB0 /* CaculatorTests.swift */,
				3E10246D1D4EF3280058EFB0 /* Supporting Files */,
			);
			path = CaculatorTests;
			sourceTree = "<group>";
		};
		3E10246D1D4EF3280058EFB0 /* Supporting Files */ = {
			isa = PBXGroup;
			children = (
				3E10246E1D4EF3280058EFB0 /* Info.plist */,
			);
			name = "Supporting Files";
			sourceTree = "<group>";
		};
/* End PBXGroup section */

/* Begin PBXNativeTarget section */
		3E1024531D4EF3280058EFB0 /* Caculator */ = {
			isa = PBXNativeTarget;
			buildConfigurationList = 3E1024731D4EF3280058EFB0 /* Build configuration list for PBXNativeTarget "Caculator" */;
			buildPhases = (
				3E1024501D4EF3280058EFB0 /* Sources */,
				3E1024511D4EF3280058EFB0 /* Frameworks */,
				3E1024521D4EF3280058EFB0 /* Resources */,
			);
			buildRules = (
			);
			dependencies = (
			);
			name = Caculator;
			productName = Caculator;
			productReference = 3E1024541D4EF3280058EFB0 /* Caculator.app */;
			productType = "com.apple.product-type.application";
		};
		3E1024681D4EF3280058EFB0 /* CaculatorTests */ = {
			isa = PBXNativeTarget;
			buildConfigurationList = 3E1024761D4EF3280058EFB0 /* Build configuration list for PBXNativeTarget "CaculatorTests" */;
			buildPhases = (
				3E1024651D4EF3280058EFB0 /* Sources */,
				3E1024661D4EF3280058EFB0 /* Frameworks */,
				3E1024671D4EF3280058EFB0 /* Resources */,
			);
			buildRules = (
			);
			dependencies = (
				3E10246B1D4EF3280058EFB0 /* PBXTargetDependency */,
			);
			name = CaculatorTests;
			productName = CaculatorTests;
			productReference = 3E1024691D4EF3280058EFB0 /* CaculatorTests.xctest */;
			productType = "com.apple.product-type.bundle.unit-test";
		};
/* End PBXNativeTarget section */

/* Begin PBXProject section */
		3E10244C1D4EF3280058EFB0 /* Project object */ = {
			isa = PBXProject;
			attributes = {
				LastUpgradeCheck = 0640;
				ORGANIZATIONNAME = "関戸優紀";
				TargetAttributes = {
					3E1024531D4EF3280058EFB0 = {
						CreatedOnToolsVersion = 6.4;
					};
					3E1024681D4EF3280058EFB0 = {
						CreatedOnToolsVersion = 6.4;
						TestTargetID = 3E1024531D4EF3280058EFB0;
					};
				};
			};
			buildConfigurationList = 3E10244F1D4EF3280058EFB0 /* Build configuration list for PBXProject "Caculator" */;
			compatibilityVersion = "Xcode 3.2";
			developmentRegion = English;
			hasScannedForEncodings = 0;
			knownRegions = (
				en,
				Base,
			);
			mainGroup = 3E10244B1D4EF3280058EFB0;
			productRefGroup = 3E1024551D4EF3280058EFB0 /* Products */;
			projectDirPath = "";
			projectRoot = "";
			targets = (
				3E1024531D4EF3280058EFB0 /* Caculator */,
				3E1024681D4EF3280058EFB0 /* CaculatorTests */,
			);
		};
/* End PBXProject section */

/* Begin PBXResourcesBuildPhase section */
		3E1024521D4EF3280058EFB0 /* Resources */ = {
			isa = PBXResourcesBuildPhase;
			buildActionMask = 2147483647;
			files = (
				3E10245F1D4EF3280058EFB0 /* Main.storyboard in Resources */,
				3E1024641D4EF3280058EFB0 /* LaunchScreen.xib in Resources */,
				3E1024611D4EF3280058EFB0 /* Images.xcassets in Resources */,
			);
			runOnlyForDeploymentPostprocessing = 0;
		};
		3E1024671D4EF3280058EFB0 /* Resources */ = {
			isa = PBXResourcesBuildPhase;
			buildActionMask = 2147483647;
			files = (
			);
			runOnlyForDeploymentPostprocessing = 0;
		};
/* End PBXResourcesBuildPhase section */

/* Begin PBXSourcesBuildPhase section */
		3E1024501D4EF3280058EFB0 /* Sources */ = {
			isa = PBXSourcesBuildPhase;
			buildActionMask = 2147483647;
			files = (
				3E10245C1D4EF3280058EFB0 /* ViewController.swift in Sources */,
				3E10245A1D4EF3280058EFB0 /* AppDelegate.swift in Sources */,
			);
			runOnlyForDeploymentPostprocessing = 0;
		};
		3E1024651D4EF3280058EFB0 /* Sources */ = {
			isa = PBXSourcesBuildPhase;
			buildActionMask = 2147483647;
			files = (
				3E1024701D4EF3280058EFB0 /* CaculatorTests.swift in Sources */,
			);
			runOnlyForDeploymentPostprocessing = 0;
		};
/* End PBXSourcesBuildPhase section */

/* Begin PBXTargetDependency section */
		3E10246B1D4EF3280058EFB0 /* PBXTargetDependency */ = {
			isa = PBXTargetDependency;
			target = 3E1024531D4EF3280058EFB0 /* Caculator */;
			targetProxy = 3E10246A1D4EF3280058EFB0 /* PBXContainerItemProxy */;
		};
/* End PBXTargetDependency section */

/* Begin PBXVariantGroup section */
		3E10245D1D4EF3280058EFB0 /* Main.storyboard */ = {
			isa = PBXVariantGroup;
			children = (
				3E10245E1D4EF3280058EFB0 /* Base */,
			);
			name = Main.storyboard;
			sourceTree = "<group>";
		};
		3E1024621D4EF3280058EFB0 /* LaunchScreen.xib */ = {
			isa = PBXVariantGroup;
			children = (
				3E1024631D4EF3280058EFB0 /* Base */,
			);
			name = LaunchScreen.xib;
			sourceTree = "<group>";
		};
/* End PBXVariantGroup section */

/* Begin XCBuildConfiguration section */
		3E1024711D4EF3280058EFB0 /* Debug */ = {
			isa = XCBuildConfiguration;
			buildSettings = {
				ALWAYS_SEARCH_USER_PATHS = NO;
				CLANG_CXX_LANGUAGE_STANDARD = "gnu++0x";
				CLANG_CXX_LIBRARY = "libc++";
				CLANG_ENABLE_MODULES = YES;
				CLANG_ENABLE_OBJC_ARC = YES;
				CLANG_WARN_BOOL_CONVERSION = YES;
				CLANG_WARN_CONSTANT_CONVERSION = YES;
				CLANG_WARN_DIRECT_OBJC_ISA_USAGE = YES_ERROR;
				CLANG_WARN_EMPTY_BODY = YES;
				CLANG_WARN_ENUM_CONVERSION = YES;
				CLANG_WARN_INT_CONVERSION = YES;
				CLANG_WARN_OBJC_ROOT_CLASS = YES_ERROR;
				CLANG_WARN_UNREACHABLE_CODE = YES;
				CLANG_WARN__DUPLICATE_METHOD_MATCH = YES;
				"CODE_SIGN_IDENTITY[sdk=iphoneos*]" = "iPhone Developer";
				COPY_PHASE_STRIP = NO;
				DEBUG_INFORMATION_FORMAT = "dwarf-with-dsym";
				ENABLE_STRICT_OBJC_MSGSEND = YES;
				GCC_C_LANGUAGE_STANDARD = gnu99;
				GCC_DYNAMIC_NO_PIC = NO;
				GCC_NO_COMMON_BLOCKS = YES;
				GCC_OPTIMIZATION_LEVEL = 0;
				GCC_PREPROCESSOR_DEFINITIONS = (
					"DEBUG=1",
					"$(inherited)",
				);
				GCC_SYMBOLS_PRIVATE_EXTERN = NO;
				GCC_WARN_64_TO_32_BIT_CONVERSION = YES;
				GCC_WARN_ABOUT_RETURN_TYPE = YES_ERROR;
				GCC_WARN_UNDECLARED_SELECTOR = YES;
				GCC_WARN_UNINITIALIZED_AUTOS = YES_AGGRESSIVE;
				GCC_WARN_UNUSED_FUNCTION = YES;
				GCC_WARN_UNUSED_VARIABLE = YES;
				IPHONEOS_DEPLOYMENT_TARGET = 8.4;
				MTL_ENABLE_DEBUG_INFO = YES;
				ONLY_ACTIVE_ARCH = YES;
				SDKROOT = iphoneos;
				SWIFT_OPTIMIZATION_LEVEL = "-Onone";
			};
			name = Debug;
		};
		3E1024721D4EF3280058EFB0 /* Release */ = {
			isa = XCBuildConfiguration;
			buildSettings = {
				ALWAYS_SEARCH_USER_PATHS = NO;
				CLANG_CXX_LANGUAGE_STANDARD = "gnu++0x";
				CLANG_CXX_LIBRARY = "libc++";
				CLANG_ENABLE_MODULES = YES;
				CLANG_ENABLE_OBJC_ARC = YES;
				CLANG_WARN_BOOL_CONVERSION = YES;
				CLANG_WARN_CONSTANT_CONVERSION = YES;
				CLANG_WARN_DIRECT_OBJC_ISA_USAGE = YES_ERROR;
				CLANG_WARN_EMPTY_BODY = YES;
				CLANG_WARN_ENUM_CONVERSION = YES;
				CLANG_WARN_INT_CONVERSION = YES;
				CLANG_WARN_OBJC_ROOT_CLASS = YES_ERROR;
				CLANG_WARN_UNREACHABLE_CODE = YES;
				CLANG_WARN__DUPLICATE_METHOD_MATCH = YES;
				"CODE_SIGN_IDENTITY[sdk=iphoneos*]" = "iPhone Developer";
				COPY_PHASE_STRIP = NO;
				DEBUG_INFORMATION_FORMAT = "dwarf-with-dsym";
				ENABLE_NS_ASSERTIONS = NO;
				ENABLE_STRICT_OBJC_MSGSEND = YES;
				GCC_C_LANGUAGE_STANDARD = gnu99;
				GCC_NO_COMMON_BLOCKS = YES;
				GCC_WARN_64_TO_32_BIT_CONVERSION = YES;
				GCC_WARN_ABOUT_RETURN_TYPE = YES_ERROR;
				GCC_WARN_UNDECLARED_SELECTOR = YES;
				GCC_WARN_UNINITIALIZED_AUTOS = YES_AGGRESSIVE;
				GCC_WARN_UNUSED_FUNCTION = YES;
				GCC_WARN_UNUSED_VARIABLE = YES;
				IPHONEOS_DEPLOYMENT_TARGET = 8.4;
				MTL_ENABLE_DEBUG_INFO = NO;
				SDKROOT = iphoneos;
				VALIDATE_PRODUCT = YES;
			};
			name = Release;
		};
		3E1024741D4EF3280058EFB0 /* Debug */ = {
			isa = XCBuildConfiguration;
			buildSettings = {
				ASSETCATALOG_COMPILER_APPICON_NAME = AppIcon;
				INFOPLIST_FILE = Caculator/Info.plist;
				LD_RUNPATH_SEARCH_PATHS = "$(inherited) @executable_path/Frameworks";
				PRODUCT_NAME = "$(TARGET_NAME)";
			};
			name = Debug;
		};
		3E1024751D4EF3280058EFB0 /* Release */ = {
			isa = XCBuildConfiguration;
			buildSettings = {
				ASSETCATALOG_COMPILER_APPICON_NAME = AppIcon;
				INFOPLIST_FILE = Caculator/Info.plist;
				LD_RUNPATH_SEARCH_PATHS = "$(inherited) @executable_path/Frameworks";
				PRODUCT_NAME = "$(TARGET_NAME)";
			};
			name = Release;
		};
		3E1024771D4EF3280058EFB0 /* Debug */ = {
			isa = XCBuildConfiguration;
			buildSettings = {
				BUNDLE_LOADER = "$(TEST_HOST)";
				FRAMEWORK_SEARCH_PATHS = (
					"$(SDKROOT)/Developer/Library/Frameworks",
					"$(inherited)",
				);
				GCC_PREPROCESSOR_DEFINITIONS = (
					"DEBUG=1",
					"$(inherited)",
				);
				INFOPLIST_FILE = CaculatorTests/Info.plist;
				LD_RUNPATH_SEARCH_PATHS = "$(inherited) @executable_path/Frameworks @loader_path/Frameworks";
				PRODUCT_NAME = "$(TARGET_NAME)";
				TEST_HOST = "$(BUILT_PRODUCTS_DIR)/Caculator.app/Caculator";
			};
			name = Debug;
		};
		3E1024781D4EF3280058EFB0 /* Release */ = {
			isa = XCBuildConfiguration;
			buildSettings = {
				BUNDLE_LOADER = "$(TEST_HOST)";
				FRAMEWORK_SEARCH_PATHS = (
					"$(SDKROOT)/Developer/Library/Frameworks",
					"$(inherited)",
				);
				INFOPLIST_FILE = CaculatorTests/Info.plist;
				LD_RUNPATH_SEARCH_PATHS = "$(inherited) @executable_path/Frameworks @loader_path/Frameworks";
				PRODUCT_NAME = "$(TARGET_NAME)";
				TEST_HOST = "$(BUILT_PRODUCTS_DIR)/Caculator.app/Caculator";
			};
			name = Release;
		};
/* End XCBuildConfiguration section */

/* Begin XCConfigurationList section */
		3E10244F1D4EF3280058EFB0 /* Build configuration list for PBXProject "Caculator" */ = {
			isa = XCConfigurationList;
			buildConfigurations = (
				3E1024711D4EF3280058EFB0 /* Debug */,
				3E1024721D4EF3280058EFB0 /* Release */,
			);
			defaultConfigurationIsVisible = 0;
			defaultConfigurationName = Release;
		};
		3E1024731D4EF3280058EFB0 /* Build configuration list for PBXNativeTarget "Caculator" */ = {
			isa = XCConfigurationList;
			buildConfigurations = (
				3E1024741D4EF3280058EFB0 /* Debug */,
				3E1024751D4EF3280058EFB0 /* Release */,
			);
			defaultConfigurationIsVisible = 0;
		};
		3E1024761D4EF3280058EFB0 /* Build configuration list for PBXNativeTarget "CaculatorTests" */ = {
			isa = XCConfigurationList;
			buildConfigurations = (
				3E1024771D4EF3280058EFB0 /* Debug */,
				3E1024781D4EF3280058EFB0 /* Release */,
			);
			defaultConfigurationIsVisible = 0;
		};
/* End XCConfigurationList section */
	};
	rootObject = 3E10244C1D4EF3280058EFB0 /* Project object */;
}
